
Microsoft Visual Studio Solution File, Format Version 12.00
# Visual Studio Version 17
VisualStudioVersion = 17.8.34330.188
MinimumVisualStudioVersion = 10.0.40219.1
Project("{FAE04EC0-301F-11D3-BF4B-00C04F79EFBC}") = "SistemaDeTarefas", "SistemaDeTarefas\SistemaDeTarefas.csproj", "{06C023A6-7B7E-4ACC-A695-6D90C6E23C3A}"
EndProject
Global
	GlobalSection(SolutionConfigurationPlatforms) = preSolution
		Debug|Any CPU = Debug|Any CPU
		Release|Any CPU = Release|Any CPU
	EndGlobalSection
	GlobalSection(ProjectConfigurationPlatforms) = postSolution
		{06C023A6-7B7E-4ACC-A695-6D90C6E23C3A}.Debug|Any CPU.ActiveCfg = Debug|Any CPU
		{06C023A6-7B7E-4ACC-A695-6D90C6E23C3A}.Debug|Any CPU.Build.0 = Debug|Any CPU
		{06C023A6-7B7E-4ACC-A695-6D90C6E23C3A}.Release|Any CPU.ActiveCfg = Release|Any CPU
		{06C023A6-7B7E-4ACC-A695-6D90C6E23C3A}.Release|Any CPU.Build.0 = Release|Any CPU
	EndGlobalSection
	GlobalSection(SolutionProperties) = preSolution
		HideSolutionNode = FALSE
	EndGlobalSection
	GlobalSection(ExtensibilityGlobals) = postSolution
		SolutionGuid = {FA629C0F-9081-48B6-8004-FEF8C55B187B}
	EndGlobalSection
EndGlobal
